
Microsoft Visual Studio Solution File, Format Version 12.00
# Visual Studio Version 17
VisualStudioVersion = 17.3.32929.385
MinimumVisualStudioVersion = 10.0.40219.1
Project("{FAE04EC0-301F-11D3-BF4B-00C04F79EFBC}") = "ToDoAPI", "ToDoAPI.csproj", "{755C545F-9853-46E0-88E1-DB01965EEA54}"
EndProject
Global
	GlobalSection(SolutionConfigurationPlatforms) = preSolution
		Debug|Any CPU = Debug|Any CPU
		Release|Any CPU = Release|Any CPU
	EndGlobalSection
	GlobalSection(ProjectConfigurationPlatforms) = postSolution
		{755C545F-9853-46E0-88E1-DB01965EEA54}.Debug|Any CPU.ActiveCfg = Debug|Any CPU
		{755C545F-9853-46E0-88E1-DB01965EEA54}.Debug|Any CPU.Build.0 = Debug|Any CPU
		{755C545F-9853-46E0-88E1-DB01965EEA54}.Release|Any CPU.ActiveCfg = Release|Any CPU
		{755C545F-9853-46E0-88E1-DB01965EEA54}.Release|Any CPU.Build.0 = Release|Any CPU
	EndGlobalSection
	GlobalSection(SolutionProperties) = preSolution
		HideSolutionNode = FALSE
	EndGlobalSection
	GlobalSection(ExtensibilityGlobals) = postSolution
		SolutionGuid = {1355914C-15B9-4F7F-A530-82F07FC67D07}
	EndGlobalSection
EndGlobal
